// !$*UTF8*$!
{
	archiveVersion = 1;
	classes = {
	};
	objectVersion = 46;
	objects = {

/* Begin PBXBuildFile section */
		C24A962E1ADD3AB3006C68EF /* AllExpenses.swift in Sources */ = {isa = PBXBuildFile; fileRef = C24A962D1ADD3AB3006C68EF /* AllExpenses.swift */; };
		C2950FA01ADC57C8005448E6 /* Expense.swift in Sources */ = {isa = PBXBuildFile; fileRef = C2950F9F1ADC57C8005448E6 /* Expense.swift */; };
		C299F9071ADED51100F7C8E5 /* OwnerCell.swift in Sources */ = {isa = PBXBuildFile; fileRef = C299F9061ADED51100F7C8E5 /* OwnerCell.swift */; };
		C2D71D641ADD6874000D9AC6 /* ExpensesViewController.swift in Sources */ = {isa = PBXBuildFile; fileRef = C2D71D631ADD6874000D9AC6 /* ExpensesViewController.swift */; };
		C2D71D661ADD971B000D9AC6 /* ExpenseCell.swift in Sources */ = {isa = PBXBuildFile; fileRef = C2D71D651ADD971B000D9AC6 /* ExpenseCell.swift */; };
		EB4A564B1ADC511F008F05F1 /* AppDelegate.swift in Sources */ = {isa = PBXBuildFile; fileRef = EB4A564A1ADC511F008F05F1 /* AppDelegate.swift */; };
		EB4A564D1ADC511F008F05F1 /* RoomsViewController.swift in Sources */ = {isa = PBXBuildFile; fileRef = EB4A564C1ADC511F008F05F1 /* RoomsViewController.swift */; };
		EB4A56501ADC511F008F05F1 /* Main.storyboard in Resources */ = {isa = PBXBuildFile; fileRef = EB4A564E1ADC511F008F05F1 /* Main.storyboard */; };
		EB4A56521ADC511F008F05F1 /* Images.xcassets in Resources */ = {isa = PBXBuildFile; fileRef = EB4A56511ADC511F008F05F1 /* Images.xcassets */; };
		EB4A56551ADC511F008F05F1 /* LaunchScreen.xib in Resources */ = {isa = PBXBuildFile; fileRef = EB4A56531ADC511F008F05F1 /* LaunchScreen.xib */; };
		EB4A56611ADC511F008F05F1 /* RepFacilTests.swift in Sources */ = {isa = PBXBuildFile; fileRef = EB4A56601ADC511F008F05F1 /* RepFacilTests.swift */; };
		EB4A566B1ADC5152008F05F1 /* Person.swift in Sources */ = {isa = PBXBuildFile; fileRef = EB4A566A1ADC5152008F05F1 /* Person.swift */; };
		EB4A566F1ADC5247008F05F1 /* Room.swift in Sources */ = {isa = PBXBuildFile; fileRef = EB4A566E1ADC5247008F05F1 /* Room.swift */; };
		EB4A56711ADC5E31008F05F1 /* SharedData.swift in Sources */ = {isa = PBXBuildFile; fileRef = EB4A56701ADC5E31008F05F1 /* SharedData.swift */; };
		EB8935591ADE9641007F822D /* RoomCell.swift in Sources */ = {isa = PBXBuildFile; fileRef = EB8935581ADE9641007F822D /* RoomCell.swift */; };
		EB9CE7BC1ADEF2F700187E7F /* DebtCell.swift in Sources */ = {isa = PBXBuildFile; fileRef = EB9CE7BB1ADEF2F700187E7F /* DebtCell.swift */; };
		EBCF723F1ADD652D00258FCD /* RoomEditingViewController.swift in Sources */ = {isa = PBXBuildFile; fileRef = EBCF723E1ADD652D00258FCD /* RoomEditingViewController.swift */; };
		EBF67A551AE0D864005FA2BA /* DebtPayedTextField.swift in Sources */ = {isa = PBXBuildFile; fileRef = EBF67A541AE0D864005FA2BA /* DebtPayedTextField.swift */; };
		EBFB32041AE03C5C0021E35B /* DebtsViewController.swift in Sources */ = {isa = PBXBuildFile; fileRef = EBFB32031AE03C5C0021E35B /* DebtsViewController.swift */; };
/* End PBXBuildFile section */

/* Begin PBXContainerItemProxy section */
		EB4A565B1ADC511F008F05F1 /* PBXContainerItemProxy */ = {
			isa = PBXContainerItemProxy;
			containerPortal = EB4A563D1ADC511F008F05F1 /* Project object */;
			proxyType = 1;
			remoteGlobalIDString = EB4A56441ADC511F008F05F1;
			remoteInfo = RepFacil;
		};
/* End PBXContainerItemProxy section */

/* Begin PBXFileReference section */
		C24A962D1ADD3AB3006C68EF /* AllExpenses.swift */ = {isa = PBXFileReference; fileEncoding = 4; lastKnownFileType = sourcecode.swift; path = AllExpenses.swift; sourceTree = "<group>"; };
		C2950F9F1ADC57C8005448E6 /* Expense.swift */ = {isa = PBXFileReference; fileEncoding = 4; lastKnownFileType = sourcecode.swift; path = Expense.swift; sourceTree = "<group>"; };
		C299F9061ADED51100F7C8E5 /* OwnerCell.swift */ = {isa = PBXFileReference; fileEncoding = 4; lastKnownFileType = sourcecode.swift; path = OwnerCell.swift; sourceTree = "<group>"; };
		C2D71D631ADD6874000D9AC6 /* ExpensesViewController.swift */ = {isa = PBXFileReference; fileEncoding = 4; lastKnownFileType = sourcecode.swift; path = ExpensesViewController.swift; sourceTree = "<group>"; };
		C2D71D651ADD971B000D9AC6 /* ExpenseCell.swift */ = {isa = PBXFileReference; fileEncoding = 4; lastKnownFileType = sourcecode.swift; path = ExpenseCell.swift; sourceTree = "<group>"; };
		EB4A56451ADC511F008F05F1 /* CoLives.app */ = {isa = PBXFileReference; explicitFileType = wrapper.application; includeInIndex = 0; path = CoLives.app; sourceTree = BUILT_PRODUCTS_DIR; };
		EB4A56491ADC511F008F05F1 /* Info.plist */ = {isa = PBXFileReference; lastKnownFileType = text.plist.xml; path = Info.plist; sourceTree = "<group>"; };
		EB4A564A1ADC511F008F05F1 /* AppDelegate.swift */ = {isa = PBXFileReference; lastKnownFileType = sourcecode.swift; path = AppDelegate.swift; sourceTree = "<group>"; };
		EB4A564C1ADC511F008F05F1 /* RoomsViewController.swift */ = {isa = PBXFileReference; lastKnownFileType = sourcecode.swift; path = RoomsViewController.swift; sourceTree = "<group>"; };
		EB4A564F1ADC511F008F05F1 /* Base */ = {isa = PBXFileReference; lastKnownFileType = file.storyboard; name = Base; path = Base.lproj/Main.storyboard; sourceTree = "<group>"; };
		EB4A56511ADC511F008F05F1 /* Images.xcassets */ = {isa = PBXFileReference; lastKnownFileType = folder.assetcatalog; path = Images.xcassets; sourceTree = "<group>"; };
		EB4A56541ADC511F008F05F1 /* Base */ = {isa = PBXFileReference; lastKnownFileType = file.xib; name = Base; path = Base.lproj/LaunchScreen.xib; sourceTree = "<group>"; };
		EB4A565A1ADC511F008F05F1 /* RepFacilTests.xctest */ = {isa = PBXFileReference; explicitFileType = wrapper.cfbundle; includeInIndex = 0; path = RepFacilTests.xctest; sourceTree = BUILT_PRODUCTS_DIR; };
		EB4A565F1ADC511F008F05F1 /* Info.plist */ = {isa = PBXFileReference; lastKnownFileType = text.plist.xml; path = Info.plist; sourceTree = "<group>"; };
		EB4A56601ADC511F008F05F1 /* RepFacilTests.swift */ = {isa = PBXFileReference; lastKnownFileType = sourcecode.swift; path = RepFacilTests.swift; sourceTree = "<group>"; };
		EB4A566A1ADC5152008F05F1 /* Person.swift */ = {isa = PBXFileReference; fileEncoding = 4; lastKnownFileType = sourcecode.swift; path = Person.swift; sourceTree = "<group>"; };
		EB4A566E1ADC5247008F05F1 /* Room.swift */ = {isa = PBXFileReference; fileEncoding = 4; lastKnownFileType = sourcecode.swift; path = Room.swift; sourceTree = "<group>"; };
		EB4A56701ADC5E31008F05F1 /* SharedData.swift */ = {isa = PBXFileReference; fileEncoding = 4; lastKnownFileType = sourcecode.swift; path = SharedData.swift; sourceTree = "<group>"; };
		EB8935581ADE9641007F822D /* RoomCell.swift */ = {isa = PBXFileReference; fileEncoding = 4; lastKnownFileType = sourcecode.swift; path = RoomCell.swift; sourceTree = "<group>"; };
		EB9CE7BB1ADEF2F700187E7F /* DebtCell.swift */ = {isa = PBXFileReference; fileEncoding = 4; lastKnownFileType = sourcecode.swift; path = DebtCell.swift; sourceTree = "<group>"; };
		EBCF723E1ADD652D00258FCD /* RoomEditingViewController.swift */ = {isa = PBXFileReference; fileEncoding = 4; lastKnownFileType = sourcecode.swift; path = RoomEditingViewController.swift; sourceTree = "<group>"; };
		EBF67A541AE0D864005FA2BA /* DebtPayedTextField.swift */ = {isa = PBXFileReference; fileEncoding = 4; lastKnownFileType = sourcecode.swift; path = DebtPayedTextField.swift; sourceTree = "<group>"; };
		EBFB32031AE03C5C0021E35B /* DebtsViewController.swift */ = {isa = PBXFileReference; fileEncoding = 4; lastKnownFileType = sourcecode.swift; name = DebtsViewController.swift; path = ../DebtsViewController.swift; sourceTree = "<group>"; };
/* End PBXFileReference section */

/* Begin PBXFrameworksBuildPhase section */
		EB4A56421ADC511F008F05F1 /* Frameworks */ = {
			isa = PBXFrameworksBuildPhase;
			buildActionMask = 2147483647;
			files = (
			);
			runOnlyForDeploymentPostprocessing = 0;
		};
		EB4A56571ADC511F008F05F1 /* Frameworks */ = {
			isa = PBXFrameworksBuildPhase;
			buildActionMask = 2147483647;
			files = (
			);
			runOnlyForDeploymentPostprocessing = 0;
		};
/* End PBXFrameworksBuildPhase section */

/* Begin PBXGroup section */
		EB4A563C1ADC511F008F05F1 = {
			isa = PBXGroup;
			children = (
				EB4A56471ADC511F008F05F1 /* RepFacil */,
				EB4A565D1ADC511F008F05F1 /* RepFacilTests */,
				EB4A56461ADC511F008F05F1 /* Products */,
			);
			sourceTree = "<group>";
		};
		EB4A56461ADC511F008F05F1 /* Products */ = {
			isa = PBXGroup;
			children = (
				EB4A56451ADC511F008F05F1 /* CoLives.app */,
				EB4A565A1ADC511F008F05F1 /* RepFacilTests.xctest */,
			);
			name = Products;
			sourceTree = "<group>";
		};
		EB4A56471ADC511F008F05F1 /* RepFacil */ = {
			isa = PBXGroup;
			children = (
				EB4A566D1ADC5169008F05F1 /* View */,
				EB4A566C1ADC5159008F05F1 /* Model */,
				EB4A564A1ADC511F008F05F1 /* AppDelegate.swift */,
				EB4A564E1ADC511F008F05F1 /* Main.storyboard */,
				EB4A56511ADC511F008F05F1 /* Images.xcassets */,
				EB4A56531ADC511F008F05F1 /* LaunchScreen.xib */,
				EB4A56481ADC511F008F05F1 /* Supporting Files */,
			);
			path = RepFacil;
			sourceTree = "<group>";
		};
		EB4A56481ADC511F008F05F1 /* Supporting Files */ = {
			isa = PBXGroup;
			children = (
				EB4A56491ADC511F008F05F1 /* Info.plist */,
			);
			name = "Supporting Files";
			sourceTree = "<group>";
		};
		EB4A565D1ADC511F008F05F1 /* RepFacilTests */ = {
			isa = PBXGroup;
			children = (
				EB4A56601ADC511F008F05F1 /* RepFacilTests.swift */,
				EB4A565E1ADC511F008F05F1 /* Supporting Files */,
			);
			path = RepFacilTests;
			sourceTree = "<group>";
		};
		EB4A565E1ADC511F008F05F1 /* Supporting Files */ = {
			isa = PBXGroup;
			children = (
				EB4A565F1ADC511F008F05F1 /* Info.plist */,
			);
			name = "Supporting Files";
			sourceTree = "<group>";
		};
		EB4A566C1ADC5159008F05F1 /* Model */ = {
			isa = PBXGroup;
			children = (
				C2950F9F1ADC57C8005448E6 /* Expense.swift */,
				C24A962D1ADD3AB3006C68EF /* AllExpenses.swift */,
				EB4A566A1ADC5152008F05F1 /* Person.swift */,
				EB4A566E1ADC5247008F05F1 /* Room.swift */,
				EB4A56701ADC5E31008F05F1 /* SharedData.swift */,
			);
			name = Model;
			sourceTree = "<group>";
		};
		EB4A566D1ADC5169008F05F1 /* View */ = {
			isa = PBXGroup;
			children = (
				EB8935571ADE95E7007F822D /* Cells */,
				EB8935561ADE95D1007F822D /* Controllers */,
			);
			name = View;
			sourceTree = "<group>";
		};
		EB8935561ADE95D1007F822D /* Controllers */ = {
			isa = PBXGroup;
			children = (
				EB4A564C1ADC511F008F05F1 /* RoomsViewController.swift */,
				EBCF723E1ADD652D00258FCD /* RoomEditingViewController.swift */,
				C2D71D631ADD6874000D9AC6 /* ExpensesViewController.swift */,
				EBFB32031AE03C5C0021E35B /* DebtsViewController.swift */,
			);
			name = Controllers;
			sourceTree = "<group>";
		};
		EB8935571ADE95E7007F822D /* Cells */ = {
			isa = PBXGroup;
			children = (
				C2D71D651ADD971B000D9AC6 /* ExpenseCell.swift */,
				EB8935581ADE9641007F822D /* RoomCell.swift */,
				C299F9061ADED51100F7C8E5 /* OwnerCell.swift */,
				EB9CE7BB1ADEF2F700187E7F /* DebtCell.swift */,
				EBF67A541AE0D864005FA2BA /* DebtPayedTextField.swift */,
			);
			name = Cells;
			sourceTree = "<group>";
		};
/* End PBXGroup section */

/* Begin PBXNativeTarget section */
		EB4A56441ADC511F008F05F1 /* RepFacil */ = {
			isa = PBXNativeTarget;
			buildConfigurationList = EB4A56641ADC511F008F05F1 /* Build configuration list for PBXNativeTarget "RepFacil" */;
			buildPhases = (
				EB4A56411ADC511F008F05F1 /* Sources */,
				EB4A56421ADC511F008F05F1 /* Frameworks */,
				EB4A56431ADC511F008F05F1 /* Resources */,
			);
			buildRules = (
			);
			dependencies = (
			);
			name = RepFacil;
			productName = RepFacil;
			productReference = EB4A56451ADC511F008F05F1 /* CoLives.app */;
			productType = "com.apple.product-type.application";
		};
		EB4A56591ADC511F008F05F1 /* RepFacilTests */ = {
			isa = PBXNativeTarget;
			buildConfigurationList = EB4A56671ADC511F008F05F1 /* Build configuration list for PBXNativeTarget "RepFacilTests" */;
			buildPhases = (
				EB4A56561ADC511F008F05F1 /* Sources */,
				EB4A56571ADC511F008F05F1 /* Frameworks */,
				EB4A56581ADC511F008F05F1 /* Resources */,
			);
			buildRules = (
			);
			dependencies = (
				EB4A565C1ADC511F008F05F1 /* PBXTargetDependency */,
			);
			name = RepFacilTests;
			productName = RepFacilTests;
			productReference = EB4A565A1ADC511F008F05F1 /* RepFacilTests.xctest */;
			productType = "com.apple.product-type.bundle.unit-test";
		};
/* End PBXNativeTarget section */

/* Begin PBXProject section */
		EB4A563D1ADC511F008F05F1 /* Project object */ = {
			isa = PBXProject;
			attributes = {
				LastUpgradeCheck = 0630;
				ORGANIZATIONNAME = "Pocket Bomb";
				TargetAttributes = {
					EB4A56441ADC511F008F05F1 = {
						CreatedOnToolsVersion = 6.3;
						DevelopmentTeam = AN2448FN23;
					};
					EB4A56591ADC511F008F05F1 = {
						CreatedOnToolsVersion = 6.3;
						TestTargetID = EB4A56441ADC511F008F05F1;
					};
				};
			};
			buildConfigurationList = EB4A56401ADC511F008F05F1 /* Build configuration list for PBXProject "RepFacil" */;
			compatibilityVersion = "Xcode 3.2";
			developmentRegion = English;
			hasScannedForEncodings = 0;
			knownRegions = (
				en,
				Base,
			);
			mainGroup = EB4A563C1ADC511F008F05F1;
			productRefGroup = EB4A56461ADC511F008F05F1 /* Products */;
			projectDirPath = "";
			projectRoot = "";
			targets = (
				EB4A56441ADC511F008F05F1 /* RepFacil */,
				EB4A56591ADC511F008F05F1 /* RepFacilTests */,
			);
		};
/* End PBXProject section */

/* Begin PBXResourcesBuildPhase section */
		EB4A56431ADC511F008F05F1 /* Resources */ = {
			isa = PBXResourcesBuildPhase;
			buildActionMask = 2147483647;
			files = (
				EB4A56501ADC511F008F05F1 /* Main.storyboard in Resources */,
				EB4A56551ADC511F008F05F1 /* LaunchScreen.xib in Resources */,
				EB4A56521ADC511F008F05F1 /* Images.xcassets in Resources */,
			);
			runOnlyForDeploymentPostprocessing = 0;
		};
		EB4A56581ADC511F008F05F1 /* Resources */ = {
			isa = PBXResourcesBuildPhase;
			buildActionMask = 2147483647;
			files = (
			);
			runOnlyForDeploymentPostprocessing = 0;
		};
/* End PBXResourcesBuildPhase section */

/* Begin PBXSourcesBuildPhase section */
		EB4A56411ADC511F008F05F1 /* Sources */ = {
			isa = PBXSourcesBuildPhase;
			buildActionMask = 2147483647;
			files = (
				C2950FA01ADC57C8005448E6 /* Expense.swift in Sources */,
				EB4A566B1ADC5152008F05F1 /* Person.swift in Sources */,
				EBCF723F1ADD652D00258FCD /* RoomEditingViewController.swift in Sources */,
				EB4A564D1ADC511F008F05F1 /* RoomsViewController.swift in Sources */,
				EB4A566F1ADC5247008F05F1 /* Room.swift in Sources */,
				EB9CE7BC1ADEF2F700187E7F /* DebtCell.swift in Sources */,
				EB4A564B1ADC511F008F05F1 /* AppDelegate.swift in Sources */,
				EB8935591ADE9641007F822D /* RoomCell.swift in Sources */,
				C2D71D661ADD971B000D9AC6 /* ExpenseCell.swift in Sources */,
				EBF67A551AE0D864005FA2BA /* DebtPayedTextField.swift in Sources */,
				EBFB32041AE03C5C0021E35B /* DebtsViewController.swift in Sources */,
				EB4A56711ADC5E31008F05F1 /* SharedData.swift in Sources */,
				C299F9071ADED51100F7C8E5 /* OwnerCell.swift in Sources */,
				C24A962E1ADD3AB3006C68EF /* AllExpenses.swift in Sources */,
				C2D71D641ADD6874000D9AC6 /* ExpensesViewController.swift in Sources */,
			);
			runOnlyForDeploymentPostprocessing = 0;
		};
		EB4A56561ADC511F008F05F1 /* Sources */ = {
			isa = PBXSourcesBuildPhase;
			buildActionMask = 2147483647;
			files = (
				EB4A56611ADC511F008F05F1 /* RepFacilTests.swift in Sources */,
			);
			runOnlyForDeploymentPostprocessing = 0;
		};
/* End PBXSourcesBuildPhase section */

/* Begin PBXTargetDependency section */
		EB4A565C1ADC511F008F05F1 /* PBXTargetDependency */ = {
			isa = PBXTargetDependency;
			target = EB4A56441ADC511F008F05F1 /* RepFacil */;
			targetProxy = EB4A565B1ADC511F008F05F1 /* PBXContainerItemProxy */;
		};
/* End PBXTargetDependency section */

/* Begin PBXVariantGroup section */
		EB4A564E1ADC511F008F05F1 /* Main.storyboard */ = {
			isa = PBXVariantGroup;
			children = (
				EB4A564F1ADC511F008F05F1 /* Base */,
			);
			name = Main.storyboard;
			sourceTree = "<group>";
		};
		EB4A56531ADC511F008F05F1 /* LaunchScreen.xib */ = {
			isa = PBXVariantGroup;
			children = (
				EB4A56541ADC511F008F05F1 /* Base */,
			);
			name = LaunchScreen.xib;
			sourceTree = "<group>";
		};
/* End PBXVariantGroup section */

/* Begin XCBuildConfiguration section */
		EB4A56621ADC511F008F05F1 /* Debug */ = {
			isa = XCBuildConfiguration;
			buildSettings = {
				ALWAYS_SEARCH_USER_PATHS = NO;
				CLANG_CXX_LANGUAGE_STANDARD = "gnu++0x";
				CLANG_CXX_LIBRARY = "libc++";
				CLANG_ENABLE_MODULES = YES;
				CLANG_ENABLE_OBJC_ARC = YES;
				CLANG_WARN_BOOL_CONVERSION = YES;
				CLANG_WARN_CONSTANT_CONVERSION = YES;
				CLANG_WARN_DIRECT_OBJC_ISA_USAGE = YES_ERROR;
				CLANG_WARN_EMPTY_BODY = YES;
				CLANG_WARN_ENUM_CONVERSION = YES;
				CLANG_WARN_INT_CONVERSION = YES;
				CLANG_WARN_OBJC_ROOT_CLASS = YES_ERROR;
				CLANG_WARN_UNREACHABLE_CODE = YES;
				CLANG_WARN__DUPLICATE_METHOD_MATCH = YES;
				"CODE_SIGN_IDENTITY[sdk=iphoneos*]" = "iPhone Developer";
				COPY_PHASE_STRIP = NO;
				DEBUG_INFORMATION_FORMAT = "dwarf-with-dsym";
				ENABLE_STRICT_OBJC_MSGSEND = YES;
				GCC_C_LANGUAGE_STANDARD = gnu99;
				GCC_DYNAMIC_NO_PIC = NO;
				GCC_NO_COMMON_BLOCKS = YES;
				GCC_OPTIMIZATION_LEVEL = 0;
				GCC_PREPROCESSOR_DEFINITIONS = (
					"DEBUG=1",
					"$(inherited)",
				);
				GCC_SYMBOLS_PRIVATE_EXTERN = NO;
				GCC_WARN_64_TO_32_BIT_CONVERSION = YES;
				GCC_WARN_ABOUT_RETURN_TYPE = YES_ERROR;
				GCC_WARN_UNDECLARED_SELECTOR = YES;
				GCC_WARN_UNINITIALIZED_AUTOS = YES_AGGRESSIVE;
				GCC_WARN_UNUSED_FUNCTION = YES;
				GCC_WARN_UNUSED_VARIABLE = YES;
				IPHONEOS_DEPLOYMENT_TARGET = 8.3;
				MTL_ENABLE_DEBUG_INFO = YES;
				ONLY_ACTIVE_ARCH = YES;
				SDKROOT = iphoneos;
				SWIFT_OPTIMIZATION_LEVEL = "-Onone";
				TARGETED_DEVICE_FAMILY = "1,2";
			};
			name = Debug;
		};
		EB4A56631ADC511F008F05F1 /* Release */ = {
			isa = XCBuildConfiguration;
			buildSettings = {
				ALWAYS_SEARCH_USER_PATHS = NO;
				CLANG_CXX_LANGUAGE_STANDARD = "gnu++0x";
				CLANG_CXX_LIBRARY = "libc++";
				CLANG_ENABLE_MODULES = YES;
				CLANG_ENABLE_OBJC_ARC = YES;
				CLANG_WARN_BOOL_CONVERSION = YES;
				CLANG_WARN_CONSTANT_CONVERSION = YES;
				CLANG_WARN_DIRECT_OBJC_ISA_USAGE = YES_ERROR;
				CLANG_WARN_EMPTY_BODY = YES;
				CLANG_WARN_ENUM_CONVERSION = YES;
				CLANG_WARN_INT_CONVERSION = YES;
				CLANG_WARN_OBJC_ROOT_CLASS = YES_ERROR;
				CLANG_WARN_UNREACHABLE_CODE = YES;
				CLANG_WARN__DUPLICATE_METHOD_MATCH = YES;
				"CODE_SIGN_IDENTITY[sdk=iphoneos*]" = "iPhone Developer";
				COPY_PHASE_STRIP = NO;
				DEBUG_INFORMATION_FORMAT = "dwarf-with-dsym";
				ENABLE_NS_ASSERTIONS = NO;
				ENABLE_STRICT_OBJC_MSGSEND = YES;
				GCC_C_LANGUAGE_STANDARD = gnu99;
				GCC_NO_COMMON_BLOCKS = YES;
				GCC_WARN_64_TO_32_BIT_CONVERSION = YES;
				GCC_WARN_ABOUT_RETURN_TYPE = YES_ERROR;
				GCC_WARN_UNDECLARED_SELECTOR = YES;
				GCC_WARN_UNINITIALIZED_AUTOS = YES_AGGRESSIVE;
				GCC_WARN_UNUSED_FUNCTION = YES;
				GCC_WARN_UNUSED_VARIABLE = YES;
				IPHONEOS_DEPLOYMENT_TARGET = 8.3;
				MTL_ENABLE_DEBUG_INFO = NO;
				SDKROOT = iphoneos;
				TARGETED_DEVICE_FAMILY = "1,2";
				VALIDATE_PRODUCT = YES;
			};
			name = Release;
		};
		EB4A56651ADC511F008F05F1 /* Debug */ = {
			isa = XCBuildConfiguration;
			buildSettings = {
				ASSETCATALOG_COMPILER_APPICON_NAME = AppIcon;
				CODE_SIGN_IDENTITY = "iPhone Developer";
				INFOPLIST_FILE = RepFacil/Info.plist;
				IPHONEOS_DEPLOYMENT_TARGET = 8.3;
				LD_RUNPATH_SEARCH_PATHS = "$(inherited) @executable_path/Frameworks";
				PRODUCT_NAME = CoLives;
				TARGETED_DEVICE_FAMILY = 1;
			};
			name = Debug;
		};
		EB4A56661ADC511F008F05F1 /* Release */ = {
			isa = XCBuildConfiguration;
			buildSettings = {
				ASSETCATALOG_COMPILER_APPICON_NAME = AppIcon;
				CODE_SIGN_IDENTITY = "iPhone Developer";
				INFOPLIST_FILE = RepFacil/Info.plist;
				IPHONEOS_DEPLOYMENT_TARGET = 8.3;
				LD_RUNPATH_SEARCH_PATHS = "$(inherited) @executable_path/Frameworks";
				PRODUCT_NAME = CoLives;
				TARGETED_DEVICE_FAMILY = 1;
			};
			name = Release;
		};
		EB4A56681ADC511F008F05F1 /* Debug */ = {
			isa = XCBuildConfiguration;
			buildSettings = {
				BUNDLE_LOADER = "$(TEST_HOST)";
				FRAMEWORK_SEARCH_PATHS = (
					"$(SDKROOT)/Developer/Library/Frameworks",
					"$(inherited)",
				);
				GCC_PREPROCESSOR_DEFINITIONS = (
					"DEBUG=1",
					"$(inherited)",
				);
				INFOPLIST_FILE = RepFacilTests/Info.plist;
				LD_RUNPATH_SEARCH_PATHS = "$(inherited) @executable_path/Frameworks @loader_path/Frameworks";
				PRODUCT_NAME = "$(TARGET_NAME)";
				TEST_HOST = "$(BUILT_PRODUCTS_DIR)/RepFacil.app/RepFacil";
			};
			name = Debug;
		};
		EB4A56691ADC511F008F05F1 /* Release */ = {
			isa = XCBuildConfiguration;
			buildSettings = {
				BUNDLE_LOADER = "$(TEST_HOST)";
				FRAMEWORK_SEARCH_PATHS = (
					"$(SDKROOT)/Developer/Library/Frameworks",
					"$(inherited)",
				);
				INFOPLIST_FILE = RepFacilTests/Info.plist;
				LD_RUNPATH_SEARCH_PATHS = "$(inherited) @executable_path/Frameworks @loader_path/Frameworks";
				PRODUCT_NAME = "$(TARGET_NAME)";
				TEST_HOST = "$(BUILT_PRODUCTS_DIR)/RepFacil.app/RepFacil";
			};
			name = Release;
		};
/* End XCBuildConfiguration section */

/* Begin XCConfigurationList section */
		EB4A56401ADC511F008F05F1 /* Build configuration list for PBXProject "RepFacil" */ = {
			isa = XCConfigurationList;
			buildConfigurations = (
				EB4A56621ADC511F008F05F1 /* Debug */,
				EB4A56631ADC511F008F05F1 /* Release */,
			);
			defaultConfigurationIsVisible = 0;
			defaultConfigurationName = Release;
		};
		EB4A56641ADC511F008F05F1 /* Build configuration list for PBXNativeTarget "RepFacil" */ = {
			isa = XCConfigurationList;
			buildConfigurations = (
				EB4A56651ADC511F008F05F1 /* Debug */,
				EB4A56661ADC511F008F05F1 /* Release */,
			);
			defaultConfigurationIsVisible = 0;
			defaultConfigurationName = Release;
		};
		EB4A56671ADC511F008F05F1 /* Build configuration list for PBXNativeTarget "RepFacilTests" */ = {
			isa = XCConfigurationList;
			buildConfigurations = (
				EB4A56681ADC511F008F05F1 /* Debug */,
				EB4A56691ADC511F008F05F1 /* Release */,
			);
			defaultConfigurationIsVisible = 0;
			defaultConfigurationName = Release;
		};
/* End XCConfigurationList section */
	};
	rootObject = EB4A563D1ADC511F008F05F1 /* Project object */;
}
